
Microsoft Visual Studio Solution File, Format Version 12.00
# Visual Studio Version 16
VisualStudioVersion = 16.0.30907.101
MinimumVisualStudioVersion = 10.0.40219.1
Project("{9A19103F-16F7-4668-BE54-9A1E7A4F7556}") = "RoundTheCode.Connect4", "RoundTheCode.Connect4\RoundTheCode.Connect4.csproj", "{F4A4A67B-B7E8-453D-93FE-6DA5AD21800A}"
EndProject
Global
	GlobalSection(SolutionConfigurationPlatforms) = preSolution
		Debug|Any CPU = Debug|Any CPU
		Release|Any CPU = Release|Any CPU
	EndGlobalSection
	GlobalSection(ProjectConfigurationPlatforms) = postSolution
		{F4A4A67B-B7E8-453D-93FE-6DA5AD21800A}.Debug|Any CPU.ActiveCfg = Debug|Any CPU
		{F4A4A67B-B7E8-453D-93FE-6DA5AD21800A}.Debug|Any CPU.Build.0 = Debug|Any CPU
		{F4A4A67B-B7E8-453D-93FE-6DA5AD21800A}.Release|Any CPU.ActiveCfg = Release|Any CPU
		{F4A4A67B-B7E8-453D-93FE-6DA5AD21800A}.Release|Any CPU.Build.0 = Release|Any CPU
	EndGlobalSection
	GlobalSection(SolutionProperties) = preSolution
		HideSolutionNode = FALSE
	EndGlobalSection
	GlobalSection(ExtensibilityGlobals) = postSolution
		SolutionGuid = {E344FE0D-53B5-4755-A947-CAD13634B14A}
	EndGlobalSection
EndGlobal
